{
  "originHash" : "ca56a70d270e017de48dc2159a212aa9d3f6ced544cd58df81749e3864c43cab",
  "pins" : [
    {
      "identity" : "weatherconnect",
      "kind" : "remoteSourceControl",
      "location" : "https://github.com/qnaveed2104/WeatherConnect.git",
      "state" : {
        "branch" : "main",
        "revision" : "1cb1d6c5c0509f7d18ebf81ee7b98bf6d684e51c"
      }
    }
  ],
  "version" : 3
}
