// !$*UTF8*$!
{
	archiveVersion = 1;
	classes = {
	};
	objectVersion = 77;
	objects = {

/* Begin PBXBuildFile section */
		708DAA352D2F126300766DAB /* WeatherConnect in Frameworks */ = {isa = PBXBuildFile; productRef = 708DAA342D2F126300766DAB /* WeatherConnect */; };
/* End PBXBuildFile section */

/* Begin PBXContainerItemProxy section */
		708DAA172D2F11BB00766DAB /* PBXContainerItemProxy */ = {
			isa = PBXContainerItemProxy;
			containerPortal = 708DA9FE2D2F11B900766DAB /* Project object */;
			proxyType = 1;
			remoteGlobalIDString = 708DAA052D2F11B900766DAB;
			remoteInfo = WeatherExample;
		};
		708DAA212D2F11BB00766DAB /* PBXContainerItemProxy */ = {
			isa = PBXContainerItemProxy;
			containerPortal = 708DA9FE2D2F11B900766DAB /* Project object */;
			proxyType = 1;
			remoteGlobalIDString = 708DAA052D2F11B900766DAB;
			remoteInfo = WeatherExample;
		};
/* End PBXContainerItemProxy section */

/* Begin PBXFileReference section */
		708DAA062D2F11B900766DAB /* WeatherExample.app */ = {isa = PBXFileReference; explicitFileType = wrapper.application; includeInIndex = 0; path = WeatherExample.app; sourceTree = BUILT_PRODUCTS_DIR; };
		708DAA162D2F11BB00766DAB /* WeatherExampleTests.xctest */ = {isa = PBXFileReference; explicitFileType = wrapper.cfbundle; includeInIndex = 0; path = WeatherExampleTests.xctest; sourceTree = BUILT_PRODUCTS_DIR; };
		708DAA202D2F11BB00766DAB /* WeatherExampleUITests.xctest */ = {isa = PBXFileReference; explicitFileType = wrapper.cfbundle; includeInIndex = 0; path = WeatherExampleUITests.xctest; sourceTree = BUILT_PRODUCTS_DIR; };
/* End PBXFileReference section */

/* Begin PBXFileSystemSynchronizedRootGroup section */
		708DAA082D2F11B900766DAB /* WeatherExample */ = {
			isa = PBXFileSystemSynchronizedRootGroup;
			path = WeatherExample;
			sourceTree = "<group>";
		};
		708DAA192D2F11BB00766DAB /* WeatherExampleTests */ = {
			isa = PBXFileSystemSynchronizedRootGroup;
			path = WeatherExampleTests;
			sourceTree = "<group>";
		};
		708DAA232D2F11BB00766DAB /* WeatherExampleUITests */ = {
			isa = PBXFileSystemSynchronizedRootGroup;
			path = WeatherExampleUITests;
			sourceTree = "<group>";
		};
/* End PBXFileSystemSynchronizedRootGroup section */

/* Begin PBXFrameworksBuildPhase section */
		708DAA032D2F11B900766DAB /* Frameworks */ = {
			isa = PBXFrameworksBuildPhase;
			buildActionMask = 2147483647;
			files = (
				708DAA352D2F126300766DAB /* WeatherConnect in Frameworks */,
			);
			runOnlyForDeploymentPostprocessing = 0;
		};
		708DAA132D2F11BB00766DAB /* Frameworks */ = {
			isa = PBXFrameworksBuildPhase;
			buildActionMask = 2147483647;
			files = (
			);
			runOnlyForDeploymentPostprocessing = 0;
		};
		708DAA1D2D2F11BB00766DAB /* Frameworks */ = {
			isa = PBXFrameworksBuildPhase;
			buildActionMask = 2147483647;
			files = (
			);
			runOnlyForDeploymentPostprocessing = 0;
		};
/* End PBXFrameworksBuildPhase section */

/* Begin PBXGroup section */
		708DA9FD2D2F11B900766DAB = {
			isa = PBXGroup;
			children = (
				708DAA082D2F11B900766DAB /* WeatherExample */,
				708DAA192D2F11BB00766DAB /* WeatherExampleTests */,
				708DAA232D2F11BB00766DAB /* WeatherExampleUITests */,
				708DAA072D2F11B900766DAB /* Products */,
			);
			sourceTree = "<group>";
		};
		708DAA072D2F11B900766DAB /* Products */ = {
			isa = PBXGroup;
			children = (
				708DAA062D2F11B900766DAB /* WeatherExample.app */,
				708DAA162D2F11BB00766DAB /* WeatherExampleTests.xctest */,
				708DAA202D2F11BB00766DAB /* WeatherExampleUITests.xctest */,
			);
			name = Products;
			sourceTree = "<group>";
		};
/* End PBXGroup section */

/* Begin PBXNativeTarget section */
		708DAA052D2F11B900766DAB /* WeatherExample */ = {
			isa = PBXNativeTarget;
			buildConfigurationList = 708DAA2A2D2F11BB00766DAB /* Build configuration list for PBXNativeTarget "WeatherExample" */;
			buildPhases = (
				708DAA022D2F11B900766DAB /* Sources */,
				708DAA032D2F11B900766DAB /* Frameworks */,
				708DAA042D2F11B900766DAB /* Resources */,
			);
			buildRules = (
			);
			dependencies = (
			);
			fileSystemSynchronizedGroups = (
				708DAA082D2F11B900766DAB /* WeatherExample */,
			);
			name = WeatherExample;
			packageProductDependencies = (
				708DAA342D2F126300766DAB /* WeatherConnect */,
			);
			productName = WeatherExample;
			productReference = 708DAA062D2F11B900766DAB /* WeatherExample.app */;
			productType = "com.apple.product-type.application";
		};
		708DAA152D2F11BB00766DAB /* WeatherExampleTests */ = {
			isa = PBXNativeTarget;
			buildConfigurationList = 708DAA2D2D2F11BB00766DAB /* Build configuration list for PBXNativeTarget "WeatherExampleTests" */;
			buildPhases = (
				708DAA122D2F11BB00766DAB /* Sources */,
				708DAA132D2F11BB00766DAB /* Frameworks */,
				708DAA142D2F11BB00766DAB /* Resources */,
			);
			buildRules = (
			);
			dependencies = (
				708DAA182D2F11BB00766DAB /* PBXTargetDependency */,
			);
			fileSystemSynchronizedGroups = (
				708DAA192D2F11BB00766DAB /* WeatherExampleTests */,
			);
			name = WeatherExampleTests;
			packageProductDependencies = (
			);
			productName = WeatherExampleTests;
			productReference = 708DAA162D2F11BB00766DAB /* WeatherExampleTests.xctest */;
			productType = "com.apple.product-type.bundle.unit-test";
		};
		708DAA1F2D2F11BB00766DAB /* WeatherExampleUITests */ = {
			isa = PBXNativeTarget;
			buildConfigurationList = 708DAA302D2F11BB00766DAB /* Build configuration list for PBXNativeTarget "WeatherExampleUITests" */;
			buildPhases = (
				708DAA1C2D2F11BB00766DAB /* Sources */,
				708DAA1D2D2F11BB00766DAB /* Frameworks */,
				708DAA1E2D2F11BB00766DAB /* Resources */,
			);
			buildRules = (
			);
			dependencies = (
				708DAA222D2F11BB00766DAB /* PBXTargetDependency */,
			);
			fileSystemSynchronizedGroups = (
				708DAA232D2F11BB00766DAB /* WeatherExampleUITests */,
			);
			name = WeatherExampleUITests;
			packageProductDependencies = (
			);
			productName = WeatherExampleUITests;
			productReference = 708DAA202D2F11BB00766DAB /* WeatherExampleUITests.xctest */;
			productType = "com.apple.product-type.bundle.ui-testing";
		};
/* End PBXNativeTarget section */

/* Begin PBXProject section */
		708DA9FE2D2F11B900766DAB /* Project object */ = {
			isa = PBXProject;
			attributes = {
				BuildIndependentTargetsInParallel = 1;
				LastSwiftUpdateCheck = 1620;
				LastUpgradeCheck = 1620;
				TargetAttributes = {
					708DAA052D2F11B900766DAB = {
						CreatedOnToolsVersion = 16.2;
					};
					708DAA152D2F11BB00766DAB = {
						CreatedOnToolsVersion = 16.2;
						TestTargetID = 708DAA052D2F11B900766DAB;
					};
					708DAA1F2D2F11BB00766DAB = {
						CreatedOnToolsVersion = 16.2;
						TestTargetID = 708DAA052D2F11B900766DAB;
					};
				};
			};
			buildConfigurationList = 708DAA012D2F11B900766DAB /* Build configuration list for PBXProject "WeatherExample" */;
			developmentRegion = en;
			hasScannedForEncodings = 0;
			knownRegions = (
				en,
				Base,
			);
			mainGroup = 708DA9FD2D2F11B900766DAB;
			minimizedProjectReferenceProxies = 1;
			packageReferences = (
				708DAA332D2F126300766DAB /* XCRemoteSwiftPackageReference "WeatherConnect" */,
			);
			preferredProjectObjectVersion = 77;
			productRefGroup = 708DAA072D2F11B900766DAB /* Products */;
			projectDirPath = "";
			projectRoot = "";
			targets = (
				708DAA052D2F11B900766DAB /* WeatherExample */,
				708DAA152D2F11BB00766DAB /* WeatherExampleTests */,
				708DAA1F2D2F11BB00766DAB /* WeatherExampleUITests */,
			);
		};
/* End PBXProject section */

/* Begin PBXResourcesBuildPhase section */
		708DAA042D2F11B900766DAB /* Resources */ = {
			isa = PBXResourcesBuildPhase;
			buildActionMask = 2147483647;
			files = (
			);
			runOnlyForDeploymentPostprocessing = 0;
		};
		708DAA142D2F11BB00766DAB /* Resources */ = {
			isa = PBXResourcesBuildPhase;
			buildActionMask = 2147483647;
			files = (
			);
			runOnlyForDeploymentPostprocessing = 0;
		};
		708DAA1E2D2F11BB00766DAB /* Resources */ = {
			isa = PBXResourcesBuildPhase;
			buildActionMask = 2147483647;
			files = (
			);
			runOnlyForDeploymentPostprocessing = 0;
		};
/* End PBXResourcesBuildPhase section */

/* Begin PBXSourcesBuildPhase section */
		708DAA022D2F11B900766DAB /* Sources */ = {
			isa = PBXSourcesBuildPhase;
			buildActionMask = 2147483647;
			files = (
			);
			runOnlyForDeploymentPostprocessing = 0;
		};
		708DAA122D2F11BB00766DAB /* Sources */ = {
			isa = PBXSourcesBuildPhase;
			buildActionMask = 2147483647;
			files = (
			);
			runOnlyForDeploymentPostprocessing = 0;
		};
		708DAA1C2D2F11BB00766DAB /* Sources */ = {
			isa = PBXSourcesBuildPhase;
			buildActionMask = 2147483647;
			files = (
			);
			runOnlyForDeploymentPostprocessing = 0;
		};
/* End PBXSourcesBuildPhase section */

/* Begin PBXTargetDependency section */
		708DAA182D2F11BB00766DAB /* PBXTargetDependency */ = {
			isa = PBXTargetDependency;
			target = 708DAA052D2F11B900766DAB /* WeatherExample */;
			targetProxy = 708DAA172D2F11BB00766DAB /* PBXContainerItemProxy */;
		};
		708DAA222D2F11BB00766DAB /* PBXTargetDependency */ = {
			isa = PBXTargetDependency;
			target = 708DAA052D2F11B900766DAB /* WeatherExample */;
			targetProxy = 708DAA212D2F11BB00766DAB /* PBXContainerItemProxy */;
		};
/* End PBXTargetDependency section */

/* Begin XCBuildConfiguration section */
		708DAA282D2F11BB00766DAB /* Debug */ = {
			isa = XCBuildConfiguration;
			buildSettings = {
				ALWAYS_SEARCH_USER_PATHS = NO;
				ASSETCATALOG_COMPILER_GENERATE_SWIFT_ASSET_SYMBOL_EXTENSIONS = YES;
				CLANG_ANALYZER_NONNULL = YES;
				CLANG_ANALYZER_NUMBER_OBJECT_CONVERSION = YES_AGGRESSIVE;
				CLANG_CXX_LANGUAGE_STANDARD = "gnu++20";
				CLANG_ENABLE_MODULES = YES;
				CLANG_ENABLE_OBJC_ARC = YES;
				CLANG_ENABLE_OBJC_WEAK = YES;
				CLANG_WARN_BLOCK_CAPTURE_AUTORELEASING = YES;
				CLANG_WARN_BOOL_CONVERSION = YES;
				CLANG_WARN_COMMA = YES;
				CLANG_WARN_CONSTANT_CONVERSION = YES;
				CLANG_WARN_DEPRECATED_OBJC_IMPLEMENTATIONS = YES;
				CLANG_WARN_DIRECT_OBJC_ISA_USAGE = YES_ERROR;
				CLANG_WARN_DOCUMENTATION_COMMENTS = YES;
				CLANG_WARN_EMPTY_BODY = YES;
				CLANG_WARN_ENUM_CONVERSION = YES;
				CLANG_WARN_INFINITE_RECURSION = YES;
				CLANG_WARN_INT_CONVERSION = YES;
				CLANG_WARN_NON_LITERAL_NULL_CONVERSION = YES;
				CLANG_WARN_OBJC_IMPLICIT_RETAIN_SELF = YES;
				CLANG_WARN_OBJC_LITERAL_CONVERSION = YES;
				CLANG_WARN_OBJC_ROOT_CLASS = YES_ERROR;
				CLANG_WARN_QUOTED_INCLUDE_IN_FRAMEWORK_HEADER = YES;
				CLANG_WARN_RANGE_LOOP_ANALYSIS = YES;
				CLANG_WARN_STRICT_PROTOTYPES = YES;
				CLANG_WARN_SUSPICIOUS_MOVE = YES;
				CLANG_WARN_UNGUARDED_AVAILABILITY = YES_AGGRESSIVE;
				CLANG_WARN_UNREACHABLE_CODE = YES;
				CLANG_WARN__DUPLICATE_METHOD_MATCH = YES;
				COPY_PHASE_STRIP = NO;
				DEBUG_INFORMATION_FORMAT = dwarf;
				ENABLE_STRICT_OBJC_MSGSEND = YES;
				ENABLE_TESTABILITY = YES;
				ENABLE_USER_SCRIPT_SANDBOXING = YES;
				GCC_C_LANGUAGE_STANDARD = gnu17;
				GCC_DYNAMIC_NO_PIC = NO;
				GCC_NO_COMMON_BLOCKS = YES;
				GCC_OPTIMIZATION_LEVEL = 0;
				GCC_PREPROCESSOR_DEFINITIONS = (
					"DEBUG=1",
					"$(inherited)",
				);
				GCC_WARN_64_TO_32_BIT_CONVERSION = YES;
				GCC_WARN_ABOUT_RETURN_TYPE = YES_ERROR;
				GCC_WARN_UNDECLARED_SELECTOR = YES;
				GCC_WARN_UNINITIALIZED_AUTOS = YES_AGGRESSIVE;
				GCC_WARN_UNUSED_FUNCTION = YES;
				GCC_WARN_UNUSED_VARIABLE = YES;
				IPHONEOS_DEPLOYMENT_TARGET = 18.2;
				LOCALIZATION_PREFERS_STRING_CATALOGS = YES;
				MTL_ENABLE_DEBUG_INFO = INCLUDE_SOURCE;
				MTL_FAST_MATH = YES;
				ONLY_ACTIVE_ARCH = YES;
				SDKROOT = iphoneos;
				SWIFT_ACTIVE_COMPILATION_CONDITIONS = "DEBUG $(inherited)";
				SWIFT_OPTIMIZATION_LEVEL = "-Onone";
			};
			name = Debug;
		};
		708DAA292D2F11BB00766DAB /* Release */ = {
			isa = XCBuildConfiguration;
			buildSettings = {
				ALWAYS_SEARCH_USER_PATHS = NO;
				ASSETCATALOG_COMPILER_GENERATE_SWIFT_ASSET_SYMBOL_EXTENSIONS = YES;
				CLANG_ANALYZER_NONNULL = YES;
				CLANG_ANALYZER_NUMBER_OBJECT_CONVERSION = YES_AGGRESSIVE;
				CLANG_CXX_LANGUAGE_STANDARD = "gnu++20";
				CLANG_ENABLE_MODULES = YES;
				CLANG_ENABLE_OBJC_ARC = YES;
				CLANG_ENABLE_OBJC_WEAK = YES;
				CLANG_WARN_BLOCK_CAPTURE_AUTORELEASING = YES;
				CLANG_WARN_BOOL_CONVERSION = YES;
				CLANG_WARN_COMMA = YES;
				CLANG_WARN_CONSTANT_CONVERSION = YES;
				CLANG_WARN_DEPRECATED_OBJC_IMPLEMENTATIONS = YES;
				CLANG_WARN_DIRECT_OBJC_ISA_USAGE = YES_ERROR;
				CLANG_WARN_DOCUMENTATION_COMMENTS = YES;
				CLANG_WARN_EMPTY_BODY = YES;
				CLANG_WARN_ENUM_CONVERSION = YES;
				CLANG_WARN_INFINITE_RECURSION = YES;
				CLANG_WARN_INT_CONVERSION = YES;
				CLANG_WARN_NON_LITERAL_NULL_CONVERSION = YES;
				CLANG_WARN_OBJC_IMPLICIT_RETAIN_SELF = YES;
				CLANG_WARN_OBJC_LITERAL_CONVERSION = YES;
				CLANG_WARN_OBJC_ROOT_CLASS = YES_ERROR;
				CLANG_WARN_QUOTED_INCLUDE_IN_FRAMEWORK_HEADER = YES;
				CLANG_WARN_RANGE_LOOP_ANALYSIS = YES;
				CLANG_WARN_STRICT_PROTOTYPES = YES;
				CLANG_WARN_SUSPICIOUS_MOVE = YES;
				CLANG_WARN_UNGUARDED_AVAILABILITY = YES_AGGRESSIVE;
				CLANG_WARN_UNREACHABLE_CODE = YES;
				CLANG_WARN__DUPLICATE_METHOD_MATCH = YES;
				COPY_PHASE_STRIP = NO;
				DEBUG_INFORMATION_FORMAT = "dwarf-with-dsym";
				ENABLE_NS_ASSERTIONS = NO;
				ENABLE_STRICT_OBJC_MSGSEND = YES;
				ENABLE_USER_SCRIPT_SANDBOXING = YES;
				GCC_C_LANGUAGE_STANDARD = gnu17;
				GCC_NO_COMMON_BLOCKS = YES;
				GCC_WARN_64_TO_32_BIT_CONVERSION = YES;
				GCC_WARN_ABOUT_RETURN_TYPE = YES_ERROR;
				GCC_WARN_UNDECLARED_SELECTOR = YES;
				GCC_WARN_UNINITIALIZED_AUTOS = YES_AGGRESSIVE;
				GCC_WARN_UNUSED_FUNCTION = YES;
				GCC_WARN_UNUSED_VARIABLE = YES;
				IPHONEOS_DEPLOYMENT_TARGET = 18.2;
				LOCALIZATION_PREFERS_STRING_CATALOGS = YES;
				MTL_ENABLE_DEBUG_INFO = NO;
				MTL_FAST_MATH = YES;
				SDKROOT = iphoneos;
				SWIFT_COMPILATION_MODE = wholemodule;
				VALIDATE_PRODUCT = YES;
			};
			name = Release;
		};
		708DAA2B2D2F11BB00766DAB /* Debug */ = {
			isa = XCBuildConfiguration;
			buildSettings = {
				ASSETCATALOG_COMPILER_APPICON_NAME = AppIcon;
				ASSETCATALOG_COMPILER_GLOBAL_ACCENT_COLOR_NAME = AccentColor;
				CODE_SIGN_STYLE = Automatic;
				CURRENT_PROJECT_VERSION = 1;
				DEVELOPMENT_ASSET_PATHS = "\"WeatherExample/Preview Content\"";
				ENABLE_PREVIEWS = YES;
				GENERATE_INFOPLIST_FILE = YES;
				INFOPLIST_KEY_UIApplicationSceneManifest_Generation = YES;
				INFOPLIST_KEY_UIApplicationSupportsIndirectInputEvents = YES;
				INFOPLIST_KEY_UILaunchScreen_Generation = YES;
				INFOPLIST_KEY_UISupportedInterfaceOrientations = UIInterfaceOrientationPortrait;
				INFOPLIST_KEY_UISupportedInterfaceOrientations_iPad = "UIInterfaceOrientationLandscapeLeft UIInterfaceOrientationLandscapeRight UIInterfaceOrientationPortrait UIInterfaceOrientationPortraitUpsideDown";
				LD_RUNPATH_SEARCH_PATHS = (
					"$(inherited)",
					"@executable_path/Frameworks",
				);
				MARKETING_VERSION = 1.0;
				PRODUCT_BUNDLE_IDENTIFIER = com.WeatherExample;
				PRODUCT_NAME = "$(TARGET_NAME)";
				SUPPORTED_PLATFORMS = "iphoneos iphonesimulator";
				SUPPORTS_MACCATALYST = NO;
				SUPPORTS_MAC_DESIGNED_FOR_IPHONE_IPAD = NO;
				SUPPORTS_XR_DESIGNED_FOR_IPHONE_IPAD = NO;
				SWIFT_EMIT_LOC_STRINGS = YES;
				SWIFT_VERSION = 5.0;
				TARGETED_DEVICE_FAMILY = 1;
			};
			name = Debug;
		};
		708DAA2C2D2F11BB00766DAB /* Release */ = {
			isa = XCBuildConfiguration;
			buildSettings = {
				ASSETCATALOG_COMPILER_APPICON_NAME = AppIcon;
				ASSETCATALOG_COMPILER_GLOBAL_ACCENT_COLOR_NAME = AccentColor;
				CODE_SIGN_STYLE = Automatic;
				CURRENT_PROJECT_VERSION = 1;
				DEVELOPMENT_ASSET_PATHS = "\"WeatherExample/Preview Content\"";
				ENABLE_PREVIEWS = YES;
				GENERATE_INFOPLIST_FILE = YES;
				INFOPLIST_KEY_UIApplicationSceneManifest_Generation = YES;
				INFOPLIST_KEY_UIApplicationSupportsIndirectInputEvents = YES;
				INFOPLIST_KEY_UILaunchScreen_Generation = YES;
				INFOPLIST_KEY_UISupportedInterfaceOrientations = UIInterfaceOrientationPortrait;
				INFOPLIST_KEY_UISupportedInterfaceOrientations_iPad = "UIInterfaceOrientationLandscapeLeft UIInterfaceOrientationLandscapeRight UIInterfaceOrientationPortrait UIInterfaceOrientationPortraitUpsideDown";
				LD_RUNPATH_SEARCH_PATHS = (
					"$(inherited)",
					"@executable_path/Frameworks",
				);
				MARKETING_VERSION = 1.0;
				PRODUCT_BUNDLE_IDENTIFIER = com.WeatherExample;
				PRODUCT_NAME = "$(TARGET_NAME)";
				SUPPORTED_PLATFORMS = "iphoneos iphonesimulator";
				SUPPORTS_MACCATALYST = NO;
				SUPPORTS_MAC_DESIGNED_FOR_IPHONE_IPAD = NO;
				SUPPORTS_XR_DESIGNED_FOR_IPHONE_IPAD = NO;
				SWIFT_EMIT_LOC_STRINGS = YES;
				SWIFT_VERSION = 5.0;
				TARGETED_DEVICE_FAMILY = 1;
			};
			name = Release;
		};
		708DAA2E2D2F11BB00766DAB /* Debug */ = {
			isa = XCBuildConfiguration;
			buildSettings = {
				BUNDLE_LOADER = "$(TEST_HOST)";
				CODE_SIGN_STYLE = Automatic;
				CURRENT_PROJECT_VERSION = 1;
				GENERATE_INFOPLIST_FILE = YES;
				IPHONEOS_DEPLOYMENT_TARGET = 18.2;
				MARKETING_VERSION = 1.0;
				PRODUCT_BUNDLE_IDENTIFIER = com.WeatherExampleTests;
				PRODUCT_NAME = "$(TARGET_NAME)";
				SWIFT_EMIT_LOC_STRINGS = NO;
				SWIFT_VERSION = 5.0;
				TARGETED_DEVICE_FAMILY = "1,2";
				TEST_HOST = "$(BUILT_PRODUCTS_DIR)/WeatherExample.app/$(BUNDLE_EXECUTABLE_FOLDER_PATH)/WeatherExample";
			};
			name = Debug;
		};
		708DAA2F2D2F11BB00766DAB /* Release */ = {
			isa = XCBuildConfiguration;
			buildSettings = {
				BUNDLE_LOADER = "$(TEST_HOST)";
				CODE_SIGN_STYLE = Automatic;
				CURRENT_PROJECT_VERSION = 1;
				GENERATE_INFOPLIST_FILE = YES;
				IPHONEOS_DEPLOYMENT_TARGET = 18.2;
				MARKETING_VERSION = 1.0;
				PRODUCT_BUNDLE_IDENTIFIER = com.WeatherExampleTests;
				PRODUCT_NAME = "$(TARGET_NAME)";
				SWIFT_EMIT_LOC_STRINGS = NO;
				SWIFT_VERSION = 5.0;
				TARGETED_DEVICE_FAMILY = "1,2";
				TEST_HOST = "$(BUILT_PRODUCTS_DIR)/WeatherExample.app/$(BUNDLE_EXECUTABLE_FOLDER_PATH)/WeatherExample";
			};
			name = Release;
		};
		708DAA312D2F11BB00766DAB /* Debug */ = {
			isa = XCBuildConfiguration;
			buildSettings = {
				CODE_SIGN_STYLE = Automatic;
				CURRENT_PROJECT_VERSION = 1;
				GENERATE_INFOPLIST_FILE = YES;
				MARKETING_VERSION = 1.0;
				PRODUCT_BUNDLE_IDENTIFIER = com.WeatherExampleUITests;
				PRODUCT_NAME = "$(TARGET_NAME)";
				SWIFT_EMIT_LOC_STRINGS = NO;
				SWIFT_VERSION = 5.0;
				TARGETED_DEVICE_FAMILY = "1,2";
				TEST_TARGET_NAME = WeatherExample;
			};
			name = Debug;
		};
		708DAA322D2F11BB00766DAB /* Release */ = {
			isa = XCBuildConfiguration;
			buildSettings = {
				CODE_SIGN_STYLE = Automatic;
				CURRENT_PROJECT_VERSION = 1;
				GENERATE_INFOPLIST_FILE = YES;
				MARKETING_VERSION = 1.0;
				PRODUCT_BUNDLE_IDENTIFIER = com.WeatherExampleUITests;
				PRODUCT_NAME = "$(TARGET_NAME)";
				SWIFT_EMIT_LOC_STRINGS = NO;
				SWIFT_VERSION = 5.0;
				TARGETED_DEVICE_FAMILY = "1,2";
				TEST_TARGET_NAME = WeatherExample;
			};
			name = Release;
		};
/* End XCBuildConfiguration section */

/* Begin XCConfigurationList section */
		708DAA012D2F11B900766DAB /* Build configuration list for PBXProject "WeatherExample" */ = {
			isa = XCConfigurationList;
			buildConfigurations = (
				708DAA282D2F11BB00766DAB /* Debug */,
				708DAA292D2F11BB00766DAB /* Release */,
			);
			defaultConfigurationIsVisible = 0;
			defaultConfigurationName = Release;
		};
		708DAA2A2D2F11BB00766DAB /* Build configuration list for PBXNativeTarget "WeatherExample" */ = {
			isa = XCConfigurationList;
			buildConfigurations = (
				708DAA2B2D2F11BB00766DAB /* Debug */,
				708DAA2C2D2F11BB00766DAB /* Release */,
			);
			defaultConfigurationIsVisible = 0;
			defaultConfigurationName = Release;
		};
		708DAA2D2D2F11BB00766DAB /* Build configuration list for PBXNativeTarget "WeatherExampleTests" */ = {
			isa = XCConfigurationList;
			buildConfigurations = (
				708DAA2E2D2F11BB00766DAB /* Debug */,
				708DAA2F2D2F11BB00766DAB /* Release */,
			);
			defaultConfigurationIsVisible = 0;
			defaultConfigurationName = Release;
		};
		708DAA302D2F11BB00766DAB /* Build configuration list for PBXNativeTarget "WeatherExampleUITests" */ = {
			isa = XCConfigurationList;
			buildConfigurations = (
				708DAA312D2F11BB00766DAB /* Debug */,
				708DAA322D2F11BB00766DAB /* Release */,
			);
			defaultConfigurationIsVisible = 0;
			defaultConfigurationName = Release;
		};
/* End XCConfigurationList section */

/* Begin XCRemoteSwiftPackageReference section */
		708DAA332D2F126300766DAB /* XCRemoteSwiftPackageReference "WeatherConnect" */ = {
			isa = XCRemoteSwiftPackageReference;
			repositoryURL = "https://github.com/qnaveed2104/WeatherConnect.git";
			requirement = {
				branch = main;
				kind = branch;
			};
		};
/* End XCRemoteSwiftPackageReference section */

/* Begin XCSwiftPackageProductDependency section */
		708DAA342D2F126300766DAB /* WeatherConnect */ = {
			isa = XCSwiftPackageProductDependency;
			package = 708DAA332D2F126300766DAB /* XCRemoteSwiftPackageReference "WeatherConnect" */;
			productName = WeatherConnect;
		};
/* End XCSwiftPackageProductDependency section */
	};
	rootObject = 708DA9FE2D2F11B900766DAB /* Project object */;
}
